# This file is generated by running "yarn install" inside your project.
# Manual changes might be lost - proceed with caution!

__metadata:
  version: 6

"@ajhalili2006/webtop-custom-images@workspace:.":
  version: 0.0.0-use.local
  resolution: "@ajhalili2006/webtop-custom-images@workspace:."
  languageName: unknown
  linkType: soft
